
Microsoft Visual Studio Solution File, Format Version 12.00
# Visual Studio 15
VisualStudioVersion = 15.0.27428.2015
MinimumVisualStudioVersion = 10.0.40219.1
Project("{FAE04EC0-301F-11D3-BF4B-00C04F79EFBC}") = "Grav Lift", "Grav Lift\Grav Lift.csproj", "{186CF3C7-CE80-4C4B-9BC8-FCB6AFE286E5}"
EndProject
Global
	GlobalSection(SolutionConfigurationPlatforms) = preSolution
		Debug|x64 = Debug|x64
	EndGlobalSection
	GlobalSection(ProjectConfigurationPlatforms) = postSolution
		{186CF3C7-CE80-4C4B-9BC8-FCB6AFE286E5}.Debug|x64.ActiveCfg = Debug|x64
		{186CF3C7-CE80-4C4B-9BC8-FCB6AFE286E5}.Debug|x64.Build.0 = Debug|x64
	EndGlobalSection
	GlobalSection(SolutionProperties) = preSolution
		HideSolutionNode = FALSE
	EndGlobalSection
	GlobalSection(ExtensibilityGlobals) = postSolution
		SolutionGuid = {8916C005-E7BA-4347-B7CD-4D23CC0F3FD1}
	EndGlobalSection
EndGlobal
